
Microsoft Visual Studio Solution File, Format Version 12.00
# Visual Studio Version 17
VisualStudioVersion = 17.7.34221.43
MinimumVisualStudioVersion = 10.0.40219.1
Project("{8BC9CEB8-8B4A-11D0-8D11-00A0C91BC942}") = "Tehtävä 1", "Tehtävät 1 C++\Tehtävät 1 C++.vcxproj", "{E41CE71F-E016-4E89-B660-B43261510DE4}"
EndProject
Project("{8BC9CEB8-8B4A-11D0-8D11-00A0C91BC942}") = "Tehtävä 2", "Tehtävä 2\Tehtävä 2.vcxproj", "{74E98964-52EF-48D1-8B95-49CFE7BF1E1A}"
EndProject
Project("{8BC9CEB8-8B4A-11D0-8D11-00A0C91BC942}") = "Tehtävä 3", "Tehtävä 3\Tehtävä 3.vcxproj", "{0985BF8C-38C4-4AE4-B733-E8D47913AEA7}"
EndProject
Project("{8BC9CEB8-8B4A-11D0-8D11-00A0C91BC942}") = "Tehtävä 4", "Tehtävä 4\Tehtävä 4.vcxproj", "{09E449AA-175D-4AE3-A7E3-4A435EBE4BA3}"
EndProject
Project("{8BC9CEB8-8B4A-11D0-8D11-00A0C91BC942}") = "Tehtävä 5", "Tehtävä 5\Tehtävä 5.vcxproj", "{B109DB2D-F37D-4F23-8149-A44FCF6896D0}"
EndProject
Project("{8BC9CEB8-8B4A-11D0-8D11-00A0C91BC942}") = "Tehtävä 6", "Tehtävä 6\Tehtävä 6.vcxproj", "{17BDDCBB-C913-42EF-B19E-2A764D220299}"
EndProject
Global
	GlobalSection(SolutionConfigurationPlatforms) = preSolution
		Debug|x64 = Debug|x64
		Debug|x86 = Debug|x86
		Release|x64 = Release|x64
		Release|x86 = Release|x86
	EndGlobalSection
	GlobalSection(ProjectConfigurationPlatforms) = postSolution
		{E41CE71F-E016-4E89-B660-B43261510DE4}.Debug|x64.ActiveCfg = Debug|x64
		{E41CE71F-E016-4E89-B660-B43261510DE4}.Debug|x64.Build.0 = Debug|x64
		{E41CE71F-E016-4E89-B660-B43261510DE4}.Debug|x86.ActiveCfg = Debug|Win32
		{E41CE71F-E016-4E89-B660-B43261510DE4}.Debug|x86.Build.0 = Debug|Win32
		{E41CE71F-E016-4E89-B660-B43261510DE4}.Release|x64.ActiveCfg = Release|x64
		{E41CE71F-E016-4E89-B660-B43261510DE4}.Release|x64.Build.0 = Release|x64
		{E41CE71F-E016-4E89-B660-B43261510DE4}.Release|x86.ActiveCfg = Release|Win32
		{E41CE71F-E016-4E89-B660-B43261510DE4}.Release|x86.Build.0 = Release|Win32
		{74E98964-52EF-48D1-8B95-49CFE7BF1E1A}.Debug|x64.ActiveCfg = Debug|x64
		{74E98964-52EF-48D1-8B95-49CFE7BF1E1A}.Debug|x64.Build.0 = Debug|x64
		{74E98964-52EF-48D1-8B95-49CFE7BF1E1A}.Debug|x86.ActiveCfg = Debug|Win32
		{74E98964-52EF-48D1-8B95-49CFE7BF1E1A}.Debug|x86.Build.0 = Debug|Win32
		{74E98964-52EF-48D1-8B95-49CFE7BF1E1A}.Release|x64.ActiveCfg = Release|x64
		{74E98964-52EF-48D1-8B95-49CFE7BF1E1A}.Release|x64.Build.0 = Release|x64
		{74E98964-52EF-48D1-8B95-49CFE7BF1E1A}.Release|x86.ActiveCfg = Release|Win32
		{74E98964-52EF-48D1-8B95-49CFE7BF1E1A}.Release|x86.Build.0 = Release|Win32
		{0985BF8C-38C4-4AE4-B733-E8D47913AEA7}.Debug|x64.ActiveCfg = Debug|x64
		{0985BF8C-38C4-4AE4-B733-E8D47913AEA7}.Debug|x64.Build.0 = Debug|x64
		{0985BF8C-38C4-4AE4-B733-E8D47913AEA7}.Debug|x86.ActiveCfg = Debug|Win32
		{0985BF8C-38C4-4AE4-B733-E8D47913AEA7}.Debug|x86.Build.0 = Debug|Win32
		{0985BF8C-38C4-4AE4-B733-E8D47913AEA7}.Release|x64.ActiveCfg = Release|x64
		{0985BF8C-38C4-4AE4-B733-E8D47913AEA7}.Release|x64.Build.0 = Release|x64
		{0985BF8C-38C4-4AE4-B733-E8D47913AEA7}.Release|x86.ActiveCfg = Release|Win32
		{0985BF8C-38C4-4AE4-B733-E8D47913AEA7}.Release|x86.Build.0 = Release|Win32
		{09E449AA-175D-4AE3-A7E3-4A435EBE4BA3}.Debug|x64.ActiveCfg = Debug|x64
		{09E449AA-175D-4AE3-A7E3-4A435EBE4BA3}.Debug|x64.Build.0 = Debug|x64
		{09E449AA-175D-4AE3-A7E3-4A435EBE4BA3}.Debug|x86.ActiveCfg = Debug|Win32
		{09E449AA-175D-4AE3-A7E3-4A435EBE4BA3}.Debug|x86.Build.0 = Debug|Win32
		{09E449AA-175D-4AE3-A7E3-4A435EBE4BA3}.Release|x64.ActiveCfg = Release|x64
		{09E449AA-175D-4AE3-A7E3-4A435EBE4BA3}.Release|x64.Build.0 = Release|x64
		{09E449AA-175D-4AE3-A7E3-4A435EBE4BA3}.Release|x86.ActiveCfg = Release|Win32
		{09E449AA-175D-4AE3-A7E3-4A435EBE4BA3}.Release|x86.Build.0 = Release|Win32
		{B109DB2D-F37D-4F23-8149-A44FCF6896D0}.Debug|x64.ActiveCfg = Debug|x64
		{B109DB2D-F37D-4F23-8149-A44FCF6896D0}.Debug|x64.Build.0 = Debug|x64
		{B109DB2D-F37D-4F23-8149-A44FCF6896D0}.Debug|x86.ActiveCfg = Debug|Win32
		{B109DB2D-F37D-4F23-8149-A44FCF6896D0}.Debug|x86.Build.0 = Debug|Win32
		{B109DB2D-F37D-4F23-8149-A44FCF6896D0}.Release|x64.ActiveCfg = Release|x64
		{B109DB2D-F37D-4F23-8149-A44FCF6896D0}.Release|x64.Build.0 = Release|x64
		{B109DB2D-F37D-4F23-8149-A44FCF6896D0}.Release|x86.ActiveCfg = Release|Win32
		{B109DB2D-F37D-4F23-8149-A44FCF6896D0}.Release|x86.Build.0 = Release|Win32
		{17BDDCBB-C913-42EF-B19E-2A764D220299}.Debug|x64.ActiveCfg = Debug|x64
		{17BDDCBB-C913-42EF-B19E-2A764D220299}.Debug|x64.Build.0 = Debug|x64
		{17BDDCBB-C913-42EF-B19E-2A764D220299}.Debug|x86.ActiveCfg = Debug|Win32
		{17BDDCBB-C913-42EF-B19E-2A764D220299}.Debug|x86.Build.0 = Debug|Win32
		{17BDDCBB-C913-42EF-B19E-2A764D220299}.Release|x64.ActiveCfg = Release|x64
		{17BDDCBB-C913-42EF-B19E-2A764D220299}.Release|x64.Build.0 = Release|x64
		{17BDDCBB-C913-42EF-B19E-2A764D220299}.Release|x86.ActiveCfg = Release|Win32
		{17BDDCBB-C913-42EF-B19E-2A764D220299}.Release|x86.Build.0 = Release|Win32
	EndGlobalSection
	GlobalSection(SolutionProperties) = preSolution
		HideSolutionNode = FALSE
	EndGlobalSection
	GlobalSection(ExtensibilityGlobals) = postSolution
		SolutionGuid = {D5B7D0A4-B06E-4784-844F-34C9A5463E6E}
	EndGlobalSection
EndGlobal
